// !$*UTF8*$!
{
	archiveVersion = 1;
	classes = {
	};
	objectVersion = 46;
	objects = {

/* Begin PBXBuildFile section */
		370639C116F09703003A2C44 /* settings.jpg in Resources */ = {isa = PBXBuildFile; fileRef = 370639C016F09703003A2C44 /* settings.jpg */; };
		372F3FBD16FB1CC300724100 /* NewsPageViewController.m in Sources */ = {isa = PBXBuildFile; fileRef = 372F3FBC16FB1CC200724100 /* NewsPageViewController.m */; };
		373B448316E4CBCC0003C3D7 /* SettingsViewController.m in Sources */ = {isa = PBXBuildFile; fileRef = 373B448116E4CBCC0003C3D7 /* SettingsViewController.m */; };
		373B448416E4CBCC0003C3D7 /* SettingsViewController.xib in Resources */ = {isa = PBXBuildFile; fileRef = 373B448216E4CBCC0003C3D7 /* SettingsViewController.xib */; };
		373B448716E633CD0003C3D7 /* SDWebImage.framework in Frameworks */ = {isa = PBXBuildFile; fileRef = 373B448616E633CD0003C3D7 /* SDWebImage.framework */; };
		373B448916E633FB0003C3D7 /* ImageIO.framework in Frameworks */ = {isa = PBXBuildFile; fileRef = 373B448816E633FB0003C3D7 /* ImageIO.framework */; };
		373B448B16E69F160003C3D7 /* Default-568h@2x.png in Resources */ = {isa = PBXBuildFile; fileRef = 373B448A16E69F140003C3D7 /* Default-568h@2x.png */; };
		373B448D16E731DE0003C3D7 /* blackFilter5.png in Resources */ = {isa = PBXBuildFile; fileRef = 373B448C16E731DE0003C3D7 /* blackFilter5.png */; };
		373B44D216E746D80003C3D7 /* 1.jpg in Resources */ = {isa = PBXBuildFile; fileRef = 373B44C616E746D30003C3D7 /* 1.jpg */; };
		373B44D316E746D80003C3D7 /* 2.jpg in Resources */ = {isa = PBXBuildFile; fileRef = 373B44C716E746D30003C3D7 /* 2.jpg */; };
		373B44D416E746D80003C3D7 /* 3.jpg in Resources */ = {isa = PBXBuildFile; fileRef = 373B44C816E746D30003C3D7 /* 3.jpg */; };
		373B44D516E746D80003C3D7 /* 4.jpg in Resources */ = {isa = PBXBuildFile; fileRef = 373B44C916E746D30003C3D7 /* 4.jpg */; };
		373B44D616E746D80003C3D7 /* 5.jpg in Resources */ = {isa = PBXBuildFile; fileRef = 373B44CA16E746D30003C3D7 /* 5.jpg */; };
		373B44D716E746D80003C3D7 /* 6.jpg in Resources */ = {isa = PBXBuildFile; fileRef = 373B44CB16E746D40003C3D7 /* 6.jpg */; };
		373B44D816E746D80003C3D7 /* 7.jpg in Resources */ = {isa = PBXBuildFile; fileRef = 373B44CC16E746D40003C3D7 /* 7.jpg */; };
		373B44D916E746D80003C3D7 /* 8.jpg in Resources */ = {isa = PBXBuildFile; fileRef = 373B44CD16E746D50003C3D7 /* 8.jpg */; };
		373B44DA16E746D80003C3D7 /* 9.jpg in Resources */ = {isa = PBXBuildFile; fileRef = 373B44CE16E746D50003C3D7 /* 9.jpg */; };
		373B44DB16E746D80003C3D7 /* 10.jpg in Resources */ = {isa = PBXBuildFile; fileRef = 373B44CF16E746D60003C3D7 /* 10.jpg */; };
		373B44DC16E746D80003C3D7 /* 11.jpg in Resources */ = {isa = PBXBuildFile; fileRef = 373B44D016E746D60003C3D7 /* 11.jpg */; };
		373B44DD16E746D80003C3D7 /* 12.jpg in Resources */ = {isa = PBXBuildFile; fileRef = 373B44D116E746D70003C3D7 /* 12.jpg */; };
		373B44E216E75B110003C3D7 /* nyheteneIconShiny114.png in Resources */ = {isa = PBXBuildFile; fileRef = 373B44E016E759CB0003C3D7 /* nyheteneIconShiny114.png */; };
		373B44E316E75B110003C3D7 /* nyheteneIconShiny57.png in Resources */ = {isa = PBXBuildFile; fileRef = 373B44DE16E759C50003C3D7 /* nyheteneIconShiny57.png */; };
		3748F1B816D6502600C3CDB0 /* FrontPageViewController.m in Sources */ = {isa = PBXBuildFile; fileRef = 3748F1B616D6502600C3CDB0 /* FrontPageViewController.m */; };
		3748F1B916D6502600C3CDB0 /* FrontPageViewController.xib in Resources */ = {isa = PBXBuildFile; fileRef = 3748F1B716D6502600C3CDB0 /* FrontPageViewController.xib */; };
		3748F1C016D65CB700C3CDB0 /* Colors.m in Sources */ = {isa = PBXBuildFile; fileRef = 3748F1BF16D65CB700C3CDB0 /* Colors.m */; };
		3748F22516D760C000C3CDB0 /* blackFilter.png in Resources */ = {isa = PBXBuildFile; fileRef = 3748F22416D760C000C3CDB0 /* blackFilter.png */; };
		3748F22716D773C900C3CDB0 /* AmericanTypewriter.ttc in Resources */ = {isa = PBXBuildFile; fileRef = 3748F22616D773C900C3CDB0 /* AmericanTypewriter.ttc */; };
		378889EA16D2B64400C41C39 /* UIKit.framework in Frameworks */ = {isa = PBXBuildFile; fileRef = 378889E916D2B64400C41C39 /* UIKit.framework */; };
		378889EC16D2B64400C41C39 /* Foundation.framework in Frameworks */ = {isa = PBXBuildFile; fileRef = 378889EB16D2B64400C41C39 /* Foundation.framework */; };
		378889EE16D2B64400C41C39 /* CoreGraphics.framework in Frameworks */ = {isa = PBXBuildFile; fileRef = 378889ED16D2B64400C41C39 /* CoreGraphics.framework */; };
		378889F416D2B64400C41C39 /* InfoPlist.strings in Resources */ = {isa = PBXBuildFile; fileRef = 378889F216D2B64400C41C39 /* InfoPlist.strings */; };
		378889F616D2B64400C41C39 /* main.m in Sources */ = {isa = PBXBuildFile; fileRef = 378889F516D2B64400C41C39 /* main.m */; };
		378889FA16D2B64400C41C39 /* AppDelegate.m in Sources */ = {isa = PBXBuildFile; fileRef = 378889F916D2B64400C41C39 /* AppDelegate.m */; };
		37888A0716D2B70300C41C39 /* QuartzCore.framework in Frameworks */ = {isa = PBXBuildFile; fileRef = 37888A0616D2B70300C41C39 /* QuartzCore.framework */; };
		37888A0C16D2B8DD00C41C39 /* KLExpandingSelect.m in Sources */ = {isa = PBXBuildFile; fileRef = 37888A0B16D2B8DD00C41C39 /* KLExpandingSelect.m */; };
		37888A1416D2B91900C41C39 /* Petal Data.plist in Resources */ = {isa = PBXBuildFile; fileRef = 37888A0E16D2B91900C41C39 /* Petal Data.plist */; };
		37888A1516D2B91900C41C39 /* petal-email@2x.png in Resources */ = {isa = PBXBuildFile; fileRef = 37888A0F16D2B91900C41C39 /* petal-email@2x.png */; };
		37888A1616D2B91900C41C39 /* petal-facebook@2x.png in Resources */ = {isa = PBXBuildFile; fileRef = 37888A1016D2B91900C41C39 /* petal-facebook@2x.png */; };
		37888A1716D2B91900C41C39 /* petal-save@2x.png in Resources */ = {isa = PBXBuildFile; fileRef = 37888A1116D2B91900C41C39 /* petal-save@2x.png */; };
		37888A1816D2B91900C41C39 /* petal-twitter@2x.png in Resources */ = {isa = PBXBuildFile; fileRef = 37888A1216D2B91900C41C39 /* petal-twitter@2x.png */; };
		37888A1916D2B91900C41C39 /* petal-unsave@2x.png in Resources */ = {isa = PBXBuildFile; fileRef = 37888A1316D2B91900C41C39 /* petal-unsave@2x.png */; };
		37888A1D16D2C75700C41C39 /* TopStoriesViewController.m in Sources */ = {isa = PBXBuildFile; fileRef = 37888A1B16D2C75700C41C39 /* TopStoriesViewController.m */; };
		37888A1E16D2C75700C41C39 /* TopStoriesViewController.xib in Resources */ = {isa = PBXBuildFile; fileRef = 37888A1C16D2C75700C41C39 /* TopStoriesViewController.xib */; };
		37888A2016D3843100C41C39 /* MessageUI.framework in Frameworks */ = {isa = PBXBuildFile; fileRef = 37888A1F16D3843100C41C39 /* MessageUI.framework */; };
		37888A2216D3856400C41C39 /* Social.framework in Frameworks */ = {isa = PBXBuildFile; fileRef = 37888A2116D3856400C41C39 /* Social.framework */; };
		37888A2616D3CDBC00C41C39 /* News.m in Sources */ = {isa = PBXBuildFile; fileRef = 37888A2516D3CDBC00C41C39 /* News.m */; };
		37888A2916D3CDD000C41C39 /* NewsParser.m in Sources */ = {isa = PBXBuildFile; fileRef = 37888A2816D3CDCF00C41C39 /* NewsParser.m */; };
		37AB1CE416D9410600789092 /* SingleNewsViewController.m in Sources */ = {isa = PBXBuildFile; fileRef = 37AB1CE216D9410600789092 /* SingleNewsViewController.m */; };
		37AB1CE516D9410600789092 /* SingleNewsViewController.xib in Resources */ = {isa = PBXBuildFile; fileRef = 37AB1CE316D9410600789092 /* SingleNewsViewController.xib */; };
		37AB1CE916DA0D6700789092 /* CategoriesViewController.m in Sources */ = {isa = PBXBuildFile; fileRef = 37AB1CE716DA0D6600789092 /* CategoriesViewController.m */; };
		37AB1CEA16DA0D6700789092 /* CategoriesViewController.xib in Resources */ = {isa = PBXBuildFile; fileRef = 37AB1CE816DA0D6700789092 /* CategoriesViewController.xib */; };
		37AB1CEF16DA5B4F00789092 /* RootViewController.m in Sources */ = {isa = PBXBuildFile; fileRef = 37AB1CED16DA5B4E00789092 /* RootViewController.m */; };
		37AB1CF016DA5B4F00789092 /* RootViewController.xib in Resources */ = {isa = PBXBuildFile; fileRef = 37AB1CEE16DA5B4E00789092 /* RootViewController.xib */; };
		37AB1CF416DA978200789092 /* WebViewController.m in Sources */ = {isa = PBXBuildFile; fileRef = 37AB1CF216DA978000789092 /* WebViewController.m */; };
		37AB1CF516DA978200789092 /* WebViewController.xib in Resources */ = {isa = PBXBuildFile; fileRef = 37AB1CF316DA978100789092 /* WebViewController.xib */; };
		37AB1D0816DB802600789092 /* navBarImage.png in Resources */ = {isa = PBXBuildFile; fileRef = 37AB1CFE16DB802600789092 /* navBarImage.png */; };
		37AB1D0916DB802600789092 /* navBarImage@2x.png in Resources */ = {isa = PBXBuildFile; fileRef = 37AB1CFF16DB802600789092 /* navBarImage@2x.png */; };
		37AB1D1216DB824B00789092 /* backButtonS.png in Resources */ = {isa = PBXBuildFile; fileRef = 37AB1D0C16DB824B00789092 /* backButtonS.png */; };
		37AB1D1316DB824B00789092 /* backButtonS@2x.png in Resources */ = {isa = PBXBuildFile; fileRef = 37AB1D0D16DB824B00789092 /* backButtonS@2x.png */; };
		37AB1D1416DB824B00789092 /* forwardButtonS.png in Resources */ = {isa = PBXBuildFile; fileRef = 37AB1D0E16DB824B00789092 /* forwardButtonS.png */; };
		37AB1D1516DB824B00789092 /* forwardButtonS@2x.png in Resources */ = {isa = PBXBuildFile; fileRef = 37AB1D0F16DB824B00789092 /* forwardButtonS@2x.png */; };
		37AB1D1616DB824B00789092 /* shareButtonS.png in Resources */ = {isa = PBXBuildFile; fileRef = 37AB1D1016DB824B00789092 /* shareButtonS.png */; };
		37AB1D1716DB824B00789092 /* shareButtonS@2x.png in Resources */ = {isa = PBXBuildFile; fileRef = 37AB1D1116DB824B00789092 /* shareButtonS@2x.png */; };
		37AB1D2316DB975400789092 /* libGoogleAdMobAds.a in Frameworks */ = {isa = PBXBuildFile; fileRef = 37AB1D2116DB975400789092 /* libGoogleAdMobAds.a */; };
		37AB1D2416DB975400789092 /* README.txt in Resources */ = {isa = PBXBuildFile; fileRef = 37AB1D2216DB975400789092 /* README.txt */; };
		37AB1D2716DB97A500789092 /* StoreKit.framework in Frameworks */ = {isa = PBXBuildFile; fileRef = 37AB1D2616DB97A400789092 /* StoreKit.framework */; };
		37AB1D2916DB97AC00789092 /* AudioToolbox.framework in Frameworks */ = {isa = PBXBuildFile; fileRef = 37AB1D2816DB97AB00789092 /* AudioToolbox.framework */; };
		37AB1D2B16DB97DE00789092 /* SystemConfiguration.framework in Frameworks */ = {isa = PBXBuildFile; fileRef = 37AB1D2A16DB97DD00789092 /* SystemConfiguration.framework */; };
		37AB1D2D16DB97FF00789092 /* AdSupport.framework in Frameworks */ = {isa = PBXBuildFile; fileRef = 37AB1D2C16DB97FF00789092 /* AdSupport.framework */; };
		37AB1D3916DCD6D000789092 /* GTMNSString+HTML.m in Sources */ = {isa = PBXBuildFile; fileRef = 37AB1D3216DCD6D000789092 /* GTMNSString+HTML.m */; settings = {COMPILER_FLAGS = "-fno-objc-arc"; }; };
		37AB1D3A16DCD6D000789092 /* NSDate+InternetDateTime.m in Sources */ = {isa = PBXBuildFile; fileRef = 37AB1D3416DCD6D000789092 /* NSDate+InternetDateTime.m */; settings = {COMPILER_FLAGS = "-fno-objc-arc"; }; };
		37AB1D3B16DCD6D000789092 /* NSString+HTML.m in Sources */ = {isa = PBXBuildFile; fileRef = 37AB1D3616DCD6D000789092 /* NSString+HTML.m */; settings = {COMPILER_FLAGS = "-fno-objc-arc"; }; };
		37AB1D3C16DCD6D000789092 /* NSString+XMLEntities.m in Sources */ = {isa = PBXBuildFile; fileRef = 37AB1D3816DCD6D000789092 /* NSString+XMLEntities.m */; settings = {COMPILER_FLAGS = "-fno-objc-arc"; }; };
		37AB1D4216DCDD5500789092 /* libTestFlight.a in Frameworks */ = {isa = PBXBuildFile; fileRef = 37AB1D3E16DCDD5500789092 /* libTestFlight.a */; };
		37AB1D4316DCDD5500789092 /* README.md in Resources */ = {isa = PBXBuildFile; fileRef = 37AB1D3F16DCDD5500789092 /* README.md */; };
		37AB1D4416DCDD5500789092 /* release_notes.md in Resources */ = {isa = PBXBuildFile; fileRef = 37AB1D4016DCDD5500789092 /* release_notes.md */; };
		37AB1D4616DCDD7400789092 /* libz.dylib in Frameworks */ = {isa = PBXBuildFile; fileRef = 37AB1D4516DCDD7200789092 /* libz.dylib */; };
		37D1255C16FB5C21005C0695 /* 5star.png in Resources */ = {isa = PBXBuildFile; fileRef = 37D1255616FB5C21005C0695 /* 5star.png */; };
		37D1255D16FB5C21005C0695 /* 5star@2x.png in Resources */ = {isa = PBXBuildFile; fileRef = 37D1255716FB5C21005C0695 /* 5star@2x.png */; };
		37D1255E16FB5C21005C0695 /* fb.png in Resources */ = {isa = PBXBuildFile; fileRef = 37D1255816FB5C21005C0695 /* fb.png */; };
		37D1255F16FB5C21005C0695 /* fb@2x.png in Resources */ = {isa = PBXBuildFile; fileRef = 37D1255916FB5C21005C0695 /* fb@2x.png */; };
		37D1256016FB5C21005C0695 /* twitter.png in Resources */ = {isa = PBXBuildFile; fileRef = 37D1255A16FB5C21005C0695 /* twitter.png */; };
		37D1256116FB5C21005C0695 /* twitter@2x.png in Resources */ = {isa = PBXBuildFile; fileRef = 37D1255B16FB5C21005C0695 /* twitter@2x.png */; };
		37D1256416FB5DA7005C0695 /* gmail.png in Resources */ = {isa = PBXBuildFile; fileRef = 37D1256216FB5DA7005C0695 /* gmail.png */; };
		37D1256516FB5DA7005C0695 /* gmail@2x.png in Resources */ = {isa = PBXBuildFile; fileRef = 37D1256316FB5DA7005C0695 /* gmail@2x.png */; };
		37EE406716DE231A008AE7A8 /* SKBounceAnimation.m in Sources */ = {isa = PBXBuildFile; fileRef = 37EE406616DE231A008AE7A8 /* SKBounceAnimation.m */; };
		37EE406C16DE8BBE008AE7A8 /* SVProgressHUD.bundle in Resources */ = {isa = PBXBuildFile; fileRef = 37EE406916DE8BBE008AE7A8 /* SVProgressHUD.bundle */; };
		37EE406D16DE8BBE008AE7A8 /* SVProgressHUD.m in Sources */ = {isa = PBXBuildFile; fileRef = 37EE406B16DE8BBE008AE7A8 /* SVProgressHUD.m */; };
		37EE407016DE96E3008AE7A8 /* HelpMethods.m in Sources */ = {isa = PBXBuildFile; fileRef = 37EE406F16DE96E3008AE7A8 /* HelpMethods.m */; };
		37EE408816DF7A3C008AE7A8 /* UIScrollView+SVInfiniteScrolling.m in Sources */ = {isa = PBXBuildFile; fileRef = 37EE408516DF7A3C008AE7A8 /* UIScrollView+SVInfiniteScrolling.m */; };
		37EE408916DF7A3C008AE7A8 /* UIScrollView+SVPullToRefresh.m in Sources */ = {isa = PBXBuildFile; fileRef = 37EE408716DF7A3C008AE7A8 /* UIScrollView+SVPullToRefresh.m */; };
		37EE408D16E1F955008AE7A8 /* Parse.framework in Frameworks */ = {isa = PBXBuildFile; fileRef = 37EE408C16E1F955008AE7A8 /* Parse.framework */; };
		37EE408F16E1F97D008AE7A8 /* Accounts.framework in Frameworks */ = {isa = PBXBuildFile; fileRef = 37EE408E16E1F97D008AE7A8 /* Accounts.framework */; };
		37EE409116E1F989008AE7A8 /* CFNetwork.framework in Frameworks */ = {isa = PBXBuildFile; fileRef = 37EE409016E1F989008AE7A8 /* CFNetwork.framework */; };
		37EE409316E1F99C008AE7A8 /* CoreLocation.framework in Frameworks */ = {isa = PBXBuildFile; fileRef = 37EE409216E1F99C008AE7A8 /* CoreLocation.framework */; };
		37EE409516E1F9A6008AE7A8 /* libsqlite3.dylib in Frameworks */ = {isa = PBXBuildFile; fileRef = 37EE409416E1F9A6008AE7A8 /* libsqlite3.dylib */; };
		37EE409716E1F9B0008AE7A8 /* libz.1.1.3.dylib in Frameworks */ = {isa = PBXBuildFile; fileRef = 37EE409616E1F9B0008AE7A8 /* libz.1.1.3.dylib */; };
		37EE409916E1F9BB008AE7A8 /* MobileCoreServices.framework in Frameworks */ = {isa = PBXBuildFile; fileRef = 37EE409816E1F9BB008AE7A8 /* MobileCoreServices.framework */; };
		37EE409B16E1F9C9008AE7A8 /* Security.framework in Frameworks */ = {isa = PBXBuildFile; fileRef = 37EE409A16E1F9C9008AE7A8 /* Security.framework */; };
		37EE409E16E2179A008AE7A8 /* NewsCategory.m in Sources */ = {isa = PBXBuildFile; fileRef = 37EE409D16E2179A008AE7A8 /* NewsCategory.m */; };
		37EE40A416E3A4F6008AE7A8 /* NSDate+TimeSince.m in Sources */ = {isa = PBXBuildFile; fileRef = 37EE40A316E3A4F6008AE7A8 /* NSDate+TimeSince.m */; };
		37EE40AA16E4B2F4008AE7A8 /* Default.png in Resources */ = {isa = PBXBuildFile; fileRef = 37EE40A916E4B2F3008AE7A8 /* Default.png */; };
		37EE40AC16E4B2FA008AE7A8 /* Default@2x.png in Resources */ = {isa = PBXBuildFile; fileRef = 37EE40AB16E4B2FA008AE7A8 /* Default@2x.png */; };
/* End PBXBuildFile section */

/* Begin PBXFileReference section */
		370639C016F09703003A2C44 /* settings.jpg */ = {isa = PBXFileReference; lastKnownFileType = image.jpeg; name = settings.jpg; path = Graphics/BackgroundsOriginals5/settings.jpg; sourceTree = SOURCE_ROOT; };
		372F3FBB16FB1CC100724100 /* NewsPageViewController.h */ = {isa = PBXFileReference; fileEncoding = 4; lastKnownFileType = sourcecode.c.h; path = NewsPageViewController.h; sourceTree = "<group>"; };
		372F3FBC16FB1CC200724100 /* NewsPageViewController.m */ = {isa = PBXFileReference; fileEncoding = 4; lastKnownFileType = sourcecode.c.objc; path = NewsPageViewController.m; sourceTree = "<group>"; };
		373B448016E4CBCC0003C3D7 /* SettingsViewController.h */ = {isa = PBXFileReference; fileEncoding = 4; lastKnownFileType = sourcecode.c.h; path = SettingsViewController.h; sourceTree = "<group>"; };
		373B448116E4CBCC0003C3D7 /* SettingsViewController.m */ = {isa = PBXFileReference; fileEncoding = 4; lastKnownFileType = sourcecode.c.objc; path = SettingsViewController.m; sourceTree = "<group>"; };
		373B448216E4CBCC0003C3D7 /* SettingsViewController.xib */ = {isa = PBXFileReference; fileEncoding = 4; lastKnownFileType = file.xib; path = SettingsViewController.xib; sourceTree = "<group>"; };
		373B448616E633CD0003C3D7 /* SDWebImage.framework */ = {isa = PBXFileReference; lastKnownFileType = wrapper.framework; path = SDWebImage.framework; sourceTree = "<group>"; };
		373B448816E633FB0003C3D7 /* ImageIO.framework */ = {isa = PBXFileReference; lastKnownFileType = wrapper.framework; name = ImageIO.framework; path = System/Library/Frameworks/ImageIO.framework; sourceTree = SDKROOT; };
		373B448A16E69F140003C3D7 /* Default-568h@2x.png */ = {isa = PBXFileReference; lastKnownFileType = image.png; name = "Default-568h@2x.png"; path = "../Default-568h@2x.png"; sourceTree = "<group>"; };
		373B448C16E731DE0003C3D7 /* blackFilter5.png */ = {isa = PBXFileReference; lastKnownFileType = image.png; name = blackFilter5.png; path = Graphics/Backgrounds/blackFilter5.png; sourceTree = SOURCE_ROOT; };
		373B44C616E746D30003C3D7 /* 1.jpg */ = {isa = PBXFileReference; lastKnownFileType = image.jpeg; name = 1.jpg; path = Graphics/BackgroundsOriginals5/1.jpg; sourceTree = SOURCE_ROOT; };
		373B44C716E746D30003C3D7 /* 2.jpg */ = {isa = PBXFileReference; lastKnownFileType = image.jpeg; name = 2.jpg; path = Graphics/BackgroundsOriginals5/2.jpg; sourceTree = SOURCE_ROOT; };
		373B44C816E746D30003C3D7 /* 3.jpg */ = {isa = PBXFileReference; lastKnownFileType = image.jpeg; name = 3.jpg; path = Graphics/BackgroundsOriginals5/3.jpg; sourceTree = SOURCE_ROOT; };
		373B44C916E746D30003C3D7 /* 4.jpg */ = {isa = PBXFileReference; lastKnownFileType = image.jpeg; name = 4.jpg; path = Graphics/BackgroundsOriginals5/4.jpg; sourceTree = SOURCE_ROOT; };
		373B44CA16E746D30003C3D7 /* 5.jpg */ = {isa = PBXFileReference; lastKnownFileType = image.jpeg; name = 5.jpg; path = Graphics/BackgroundsOriginals5/5.jpg; sourceTree = SOURCE_ROOT; };
		373B44CB16E746D40003C3D7 /* 6.jpg */ = {isa = PBXFileReference; lastKnownFileType = image.jpeg; name = 6.jpg; path = Graphics/BackgroundsOriginals5/6.jpg; sourceTree = SOURCE_ROOT; };
		373B44CC16E746D40003C3D7 /* 7.jpg */ = {isa = PBXFileReference; lastKnownFileType = image.jpeg; name = 7.jpg; path = Graphics/BackgroundsOriginals5/7.jpg; sourceTree = SOURCE_ROOT; };
		373B44CD16E746D50003C3D7 /* 8.jpg */ = {isa = PBXFileReference; lastKnownFileType = image.jpeg; name = 8.jpg; path = Graphics/BackgroundsOriginals5/8.jpg; sourceTree = SOURCE_ROOT; };
		373B44CE16E746D50003C3D7 /* 9.jpg */ = {isa = PBXFileReference; lastKnownFileType = image.jpeg; name = 9.jpg; path = Graphics/BackgroundsOriginals5/9.jpg; sourceTree = SOURCE_ROOT; };
		373B44CF16E746D60003C3D7 /* 10.jpg */ = {isa = PBXFileReference; lastKnownFileType = image.jpeg; name = 10.jpg; path = Graphics/BackgroundsOriginals5/10.jpg; sourceTree = SOURCE_ROOT; };
		373B44D016E746D60003C3D7 /* 11.jpg */ = {isa = PBXFileReference; lastKnownFileType = image.jpeg; name = 11.jpg; path = Graphics/BackgroundsOriginals5/11.jpg; sourceTree = SOURCE_ROOT; };
		373B44D116E746D70003C3D7 /* 12.jpg */ = {isa = PBXFileReference; lastKnownFileType = image.jpeg; name = 12.jpg; path = Graphics/BackgroundsOriginals5/12.jpg; sourceTree = SOURCE_ROOT; };
		373B44DE16E759C50003C3D7 /* nyheteneIconShiny57.png */ = {isa = PBXFileReference; lastKnownFileType = image.png; path = nyheteneIconShiny57.png; sourceTree = "<group>"; };
		373B44E016E759CB0003C3D7 /* nyheteneIconShiny114.png */ = {isa = PBXFileReference; lastKnownFileType = image.png; path = nyheteneIconShiny114.png; sourceTree = "<group>"; };
		3748F1B516D6502500C3CDB0 /* FrontPageViewController.h */ = {isa = PBXFileReference; fileEncoding = 4; lastKnownFileType = sourcecode.c.h; path = FrontPageViewController.h; sourceTree = "<group>"; };
		3748F1B616D6502600C3CDB0 /* FrontPageViewController.m */ = {isa = PBXFileReference; fileEncoding = 4; lastKnownFileType = sourcecode.c.objc; path = FrontPageViewController.m; sourceTree = "<group>"; };
		3748F1B716D6502600C3CDB0 /* FrontPageViewController.xib */ = {isa = PBXFileReference; fileEncoding = 4; lastKnownFileType = file.xib; path = FrontPageViewController.xib; sourceTree = "<group>"; };
		3748F1BE16D65CB700C3CDB0 /* Colors.h */ = {isa = PBXFileReference; fileEncoding = 4; lastKnownFileType = sourcecode.c.h; path = Colors.h; sourceTree = "<group>"; };
		3748F1BF16D65CB700C3CDB0 /* Colors.m */ = {isa = PBXFileReference; fileEncoding = 4; lastKnownFileType = sourcecode.c.objc; path = Colors.m; sourceTree = "<group>"; };
		3748F22416D760C000C3CDB0 /* blackFilter.png */ = {isa = PBXFileReference; lastKnownFileType = image.png; name = blackFilter.png; path = Graphics/Backgrounds/blackFilter.png; sourceTree = SOURCE_ROOT; };
		3748F22616D773C900C3CDB0 /* AmericanTypewriter.ttc */ = {isa = PBXFileReference; lastKnownFileType = file; path = AmericanTypewriter.ttc; sourceTree = "<group>"; };
		378889E616D2B64400C41C39 /* nyhetene.app */ = {isa = PBXFileReference; explicitFileType = wrapper.application; includeInIndex = 0; path = nyhetene.app; sourceTree = BUILT_PRODUCTS_DIR; };
		378889E916D2B64400C41C39 /* UIKit.framework */ = {isa = PBXFileReference; lastKnownFileType = wrapper.framework; name = UIKit.framework; path = System/Library/Frameworks/UIKit.framework; sourceTree = SDKROOT; };
		378889EB16D2B64400C41C39 /* Foundation.framework */ = {isa = PBXFileReference; lastKnownFileType = wrapper.framework; name = Foundation.framework; path = System/Library/Frameworks/Foundation.framework; sourceTree = SDKROOT; };
		378889ED16D2B64400C41C39 /* CoreGraphics.framework */ = {isa = PBXFileReference; lastKnownFileType = wrapper.framework; name = CoreGraphics.framework; path = System/Library/Frameworks/CoreGraphics.framework; sourceTree = SDKROOT; };
		378889F116D2B64400C41C39 /* KongroNews-Info.plist */ = {isa = PBXFileReference; lastKnownFileType = text.plist.xml; path = "KongroNews-Info.plist"; sourceTree = "<group>"; };
		378889F316D2B64400C41C39 /* en */ = {isa = PBXFileReference; lastKnownFileType = text.plist.strings; name = en; path = en.lproj/InfoPlist.strings; sourceTree = "<group>"; };
		378889F516D2B64400C41C39 /* main.m */ = {isa = PBXFileReference; lastKnownFileType = sourcecode.c.objc; path = main.m; sourceTree = "<group>"; };
		378889F716D2B64400C41C39 /* KongroNews-Prefix.pch */ = {isa = PBXFileReference; lastKnownFileType = sourcecode.c.h; path = "KongroNews-Prefix.pch"; sourceTree = "<group>"; };
		378889F816D2B64400C41C39 /* AppDelegate.h */ = {isa = PBXFileReference; lastKnownFileType = sourcecode.c.h; path = AppDelegate.h; sourceTree = "<group>"; };
		378889F916D2B64400C41C39 /* AppDelegate.m */ = {isa = PBXFileReference; lastKnownFileType = sourcecode.c.objc; path = AppDelegate.m; sourceTree = "<group>"; };
		378889FB16D2B64400C41C39 /* Default.png */ = {isa = PBXFileReference; lastKnownFileType = image.png; path = Default.png; sourceTree = "<group>"; };
		378889FD16D2B64400C41C39 /* Default@2x.png */ = {isa = PBXFileReference; lastKnownFileType = image.png; path = "Default@2x.png"; sourceTree = "<group>"; };
		378889FF16D2B64400C41C39 /* Default-568h@2x.png */ = {isa = PBXFileReference; lastKnownFileType = image.png; path = "Default-568h@2x.png"; sourceTree = "<group>"; };
		37888A0616D2B70300C41C39 /* QuartzCore.framework */ = {isa = PBXFileReference; lastKnownFileType = wrapper.framework; name = QuartzCore.framework; path = System/Library/Frameworks/QuartzCore.framework; sourceTree = SDKROOT; };
		37888A0816D2B73F00C41C39 /* nb */ = {isa = PBXFileReference; lastKnownFileType = text.plist.strings; name = nb; path = nb.lproj/InfoPlist.strings; sourceTree = "<group>"; };
		37888A0A16D2B8DD00C41C39 /* KLExpandingSelect.h */ = {isa = PBXFileReference; fileEncoding = 4; lastKnownFileType = sourcecode.c.h; name = KLExpandingSelect.h; path = ../../libraries/iOS/ShareFlower/KLExpandingSelect/Classes/KLExpandingSelect.h; sourceTree = "<group>"; };
		37888A0B16D2B8DD00C41C39 /* KLExpandingSelect.m */ = {isa = PBXFileReference; fileEncoding = 4; lastKnownFileType = sourcecode.c.objc; name = KLExpandingSelect.m; path = ../../libraries/iOS/ShareFlower/KLExpandingSelect/Classes/KLExpandingSelect.m; sourceTree = "<group>"; };
		37888A0E16D2B91900C41C39 /* Petal Data.plist */ = {isa = PBXFileReference; fileEncoding = 4; lastKnownFileType = text.plist.xml; path = "Petal Data.plist"; sourceTree = "<group>"; };
		37888A0F16D2B91900C41C39 /* petal-email@2x.png */ = {isa = PBXFileReference; lastKnownFileType = image.png; path = "petal-email@2x.png"; sourceTree = "<group>"; };
		37888A1016D2B91900C41C39 /* petal-facebook@2x.png */ = {isa = PBXFileReference; lastKnownFileType = image.png; path = "petal-facebook@2x.png"; sourceTree = "<group>"; };
		37888A1116D2B91900C41C39 /* petal-save@2x.png */ = {isa = PBXFileReference; lastKnownFileType = image.png; path = "petal-save@2x.png"; sourceTree = "<group>"; };
		37888A1216D2B91900C41C39 /* petal-twitter@2x.png */ = {isa = PBXFileReference; lastKnownFileType = image.png; path = "petal-twitter@2x.png"; sourceTree = "<group>"; };
		37888A1316D2B91900C41C39 /* petal-unsave@2x.png */ = {isa = PBXFileReference; lastKnownFileType = image.png; path = "petal-unsave@2x.png"; sourceTree = "<group>"; };
		37888A1A16D2C75700C41C39 /* TopStoriesViewController.h */ = {isa = PBXFileReference; fileEncoding = 4; lastKnownFileType = sourcecode.c.h; path = TopStoriesViewController.h; sourceTree = "<group>"; };
		37888A1B16D2C75700C41C39 /* TopStoriesViewController.m */ = {isa = PBXFileReference; fileEncoding = 4; lastKnownFileType = sourcecode.c.objc; path = TopStoriesViewController.m; sourceTree = "<group>"; };
		37888A1C16D2C75700C41C39 /* TopStoriesViewController.xib */ = {isa = PBXFileReference; fileEncoding = 4; lastKnownFileType = file.xib; path = TopStoriesViewController.xib; sourceTree = "<group>"; };
		37888A1F16D3843100C41C39 /* MessageUI.framework */ = {isa = PBXFileReference; lastKnownFileType = wrapper.framework; name = MessageUI.framework; path = System/Library/Frameworks/MessageUI.framework; sourceTree = SDKROOT; };
		37888A2116D3856400C41C39 /* Social.framework */ = {isa = PBXFileReference; lastKnownFileType = wrapper.framework; name = Social.framework; path = System/Library/Frameworks/Social.framework; sourceTree = SDKROOT; };
		37888A2416D3CDBC00C41C39 /* News.h */ = {isa = PBXFileReference; fileEncoding = 4; lastKnownFileType = sourcecode.c.h; path = News.h; sourceTree = "<group>"; };
		37888A2516D3CDBC00C41C39 /* News.m */ = {isa = PBXFileReference; fileEncoding = 4; lastKnownFileType = sourcecode.c.objc; path = News.m; sourceTree = "<group>"; };
		37888A2716D3CDCF00C41C39 /* NewsParser.h */ = {isa = PBXFileReference; fileEncoding = 4; lastKnownFileType = sourcecode.c.h; path = NewsParser.h; sourceTree = "<group>"; };
		37888A2816D3CDCF00C41C39 /* NewsParser.m */ = {isa = PBXFileReference; fileEncoding = 4; lastKnownFileType = sourcecode.c.objc; path = NewsParser.m; sourceTree = "<group>"; };
		37AB1CE116D9410600789092 /* SingleNewsViewController.h */ = {isa = PBXFileReference; fileEncoding = 4; lastKnownFileType = sourcecode.c.h; path = SingleNewsViewController.h; sourceTree = "<group>"; };
		37AB1CE216D9410600789092 /* SingleNewsViewController.m */ = {isa = PBXFileReference; fileEncoding = 4; lastKnownFileType = sourcecode.c.objc; path = SingleNewsViewController.m; sourceTree = "<group>"; };
		37AB1CE316D9410600789092 /* SingleNewsViewController.xib */ = {isa = PBXFileReference; fileEncoding = 4; lastKnownFileType = file.xib; path = SingleNewsViewController.xib; sourceTree = "<group>"; };
		37AB1CE616DA0D6600789092 /* CategoriesViewController.h */ = {isa = PBXFileReference; fileEncoding = 4; lastKnownFileType = sourcecode.c.h; path = CategoriesViewController.h; sourceTree = "<group>"; };
		37AB1CE716DA0D6600789092 /* CategoriesViewController.m */ = {isa = PBXFileReference; fileEncoding = 4; lastKnownFileType = sourcecode.c.objc; path = CategoriesViewController.m; sourceTree = "<group>"; };
		37AB1CE816DA0D6700789092 /* CategoriesViewController.xib */ = {isa = PBXFileReference; fileEncoding = 4; lastKnownFileType = file.xib; path = CategoriesViewController.xib; sourceTree = "<group>"; };
		37AB1CEB16DA0ED000789092 /* Constants.h */ = {isa = PBXFileReference; fileEncoding = 4; lastKnownFileType = sourcecode.c.h; path = Constants.h; sourceTree = "<group>"; };
		37AB1CEC16DA5B4E00789092 /* RootViewController.h */ = {isa = PBXFileReference; fileEncoding = 4; lastKnownFileType = sourcecode.c.h; path = RootViewController.h; sourceTree = "<group>"; };
		37AB1CED16DA5B4E00789092 /* RootViewController.m */ = {isa = PBXFileReference; fileEncoding = 4; lastKnownFileType = sourcecode.c.objc; path = RootViewController.m; sourceTree = "<group>"; };
		37AB1CEE16DA5B4E00789092 /* RootViewController.xib */ = {isa = PBXFileReference; fileEncoding = 4; lastKnownFileType = file.xib; path = RootViewController.xib; sourceTree = "<group>"; };
		37AB1CF116DA977F00789092 /* WebViewController.h */ = {isa = PBXFileReference; fileEncoding = 4; lastKnownFileType = sourcecode.c.h; path = WebViewController.h; sourceTree = "<group>"; };
		37AB1CF216DA978000789092 /* WebViewController.m */ = {isa = PBXFileReference; fileEncoding = 4; lastKnownFileType = sourcecode.c.objc; path = WebViewController.m; sourceTree = "<group>"; };
		37AB1CF316DA978100789092 /* WebViewController.xib */ = {isa = PBXFileReference; fileEncoding = 4; lastKnownFileType = file.xib; path = WebViewController.xib; sourceTree = "<group>"; };
		37AB1CFE16DB802600789092 /* navBarImage.png */ = {isa = PBXFileReference; lastKnownFileType = image.png; name = navBarImage.png; path = Graphics/WebViewNavBar/navBarImage.png; sourceTree = SOURCE_ROOT; };
		37AB1CFF16DB802600789092 /* navBarImage@2x.png */ = {isa = PBXFileReference; lastKnownFileType = image.png; name = "navBarImage@2x.png"; path = "Graphics/WebViewNavBar/navBarImage@2x.png"; sourceTree = SOURCE_ROOT; };
		37AB1D0C16DB824B00789092 /* backButtonS.png */ = {isa = PBXFileReference; lastKnownFileType = image.png; name = backButtonS.png; path = Graphics/WebViewNavBar/backButtonS.png; sourceTree = SOURCE_ROOT; };
		37AB1D0D16DB824B00789092 /* backButtonS@2x.png */ = {isa = PBXFileReference; lastKnownFileType = image.png; name = "backButtonS@2x.png"; path = "Graphics/WebViewNavBar/backButtonS@2x.png"; sourceTree = SOURCE_ROOT; };
		37AB1D0E16DB824B00789092 /* forwardButtonS.png */ = {isa = PBXFileReference; lastKnownFileType = image.png; name = forwardButtonS.png; path = Graphics/WebViewNavBar/forwardButtonS.png; sourceTree = SOURCE_ROOT; };
		37AB1D0F16DB824B00789092 /* forwardButtonS@2x.png */ = {isa = PBXFileReference; lastKnownFileType = image.png; name = "forwardButtonS@2x.png"; path = "Graphics/WebViewNavBar/forwardButtonS@2x.png"; sourceTree = SOURCE_ROOT; };
		37AB1D1016DB824B00789092 /* shareButtonS.png */ = {isa = PBXFileReference; lastKnownFileType = image.png; name = shareButtonS.png; path = Graphics/WebViewNavBar/shareButtonS.png; sourceTree = SOURCE_ROOT; };
		37AB1D1116DB824B00789092 /* shareButtonS@2x.png */ = {isa = PBXFileReference; lastKnownFileType = image.png; name = "shareButtonS@2x.png"; path = "Graphics/WebViewNavBar/shareButtonS@2x.png"; sourceTree = SOURCE_ROOT; };
		37AB1D1816DB975400789092 /* GADAdMobExtras.h */ = {isa = PBXFileReference; fileEncoding = 4; lastKnownFileType = sourcecode.c.h; name = GADAdMobExtras.h; path = "../../libraries/iOS/GoogleAdMobAdsSdkiOS-6.3.0/GADAdMobExtras.h"; sourceTree = "<group>"; };
		37AB1D1916DB975400789092 /* GADAdNetworkExtras.h */ = {isa = PBXFileReference; fileEncoding = 4; lastKnownFileType = sourcecode.c.h; name = GADAdNetworkExtras.h; path = "../../libraries/iOS/GoogleAdMobAdsSdkiOS-6.3.0/GADAdNetworkExtras.h"; sourceTree = "<group>"; };
		37AB1D1A16DB975400789092 /* GADAdSize.h */ = {isa = PBXFileReference; fileEncoding = 4; lastKnownFileType = sourcecode.c.h; name = GADAdSize.h; path = "../../libraries/iOS/GoogleAdMobAdsSdkiOS-6.3.0/GADAdSize.h"; sourceTree = "<group>"; };
		37AB1D1B16DB975400789092 /* GADBannerView.h */ = {isa = PBXFileReference; fileEncoding = 4; lastKnownFileType = sourcecode.c.h; name = GADBannerView.h; path = "../../libraries/iOS/GoogleAdMobAdsSdkiOS-6.3.0/GADBannerView.h"; sourceTree = "<group>"; };
		37AB1D1C16DB975400789092 /* GADBannerViewDelegate.h */ = {isa = PBXFileReference; fileEncoding = 4; lastKnownFileType = sourcecode.c.h; name = GADBannerViewDelegate.h; path = "../../libraries/iOS/GoogleAdMobAdsSdkiOS-6.3.0/GADBannerViewDelegate.h"; sourceTree = "<group>"; };
		37AB1D1D16DB975400789092 /* GADInterstitial.h */ = {isa = PBXFileReference; fileEncoding = 4; lastKnownFileType = sourcecode.c.h; name = GADInterstitial.h; path = "../../libraries/iOS/GoogleAdMobAdsSdkiOS-6.3.0/GADInterstitial.h"; sourceTree = "<group>"; };
		37AB1D1E16DB975400789092 /* GADInterstitialDelegate.h */ = {isa = PBXFileReference; fileEncoding = 4; lastKnownFileType = sourcecode.c.h; name = GADInterstitialDelegate.h; path = "../../libraries/iOS/GoogleAdMobAdsSdkiOS-6.3.0/GADInterstitialDelegate.h"; sourceTree = "<group>"; };
		37AB1D1F16DB975400789092 /* GADRequest.h */ = {isa = PBXFileReference; fileEncoding = 4; lastKnownFileType = sourcecode.c.h; name = GADRequest.h; path = "../../libraries/iOS/GoogleAdMobAdsSdkiOS-6.3.0/GADRequest.h"; sourceTree = "<group>"; };
		37AB1D2016DB975400789092 /* GADRequestError.h */ = {isa = PBXFileReference; fileEncoding = 4; lastKnownFileType = sourcecode.c.h; name = GADRequestError.h; path = "../../libraries/iOS/GoogleAdMobAdsSdkiOS-6.3.0/GADRequestError.h"; sourceTree = "<group>"; };
		37AB1D2116DB975400789092 /* libGoogleAdMobAds.a */ = {isa = PBXFileReference; lastKnownFileType = archive.ar; name = libGoogleAdMobAds.a; path = "../../libraries/iOS/GoogleAdMobAdsSdkiOS-6.3.0/libGoogleAdMobAds.a"; sourceTree = "<group>"; };
		37AB1D2216DB975400789092 /* README.txt */ = {isa = PBXFileReference; fileEncoding = 4; lastKnownFileType = text; name = README.txt; path = "../../libraries/iOS/GoogleAdMobAdsSdkiOS-6.3.0/README.txt"; sourceTree = "<group>"; };
		37AB1D2616DB97A400789092 /* StoreKit.framework */ = {isa = PBXFileReference; lastKnownFileType = wrapper.framework; name = StoreKit.framework; path = System/Library/Frameworks/StoreKit.framework; sourceTree = SDKROOT; };
		37AB1D2816DB97AB00789092 /* AudioToolbox.framework */ = {isa = PBXFileReference; lastKnownFileType = wrapper.framework; name = AudioToolbox.framework; path = System/Library/Frameworks/AudioToolbox.framework; sourceTree = SDKROOT; };
		37AB1D2A16DB97DD00789092 /* SystemConfiguration.framework */ = {isa = PBXFileReference; lastKnownFileType = wrapper.framework; name = SystemConfiguration.framework; path = System/Library/Frameworks/SystemConfiguration.framework; sourceTree = SDKROOT; };
		37AB1D2C16DB97FF00789092 /* AdSupport.framework */ = {isa = PBXFileReference; lastKnownFileType = wrapper.framework; name = AdSupport.framework; path = System/Library/Frameworks/AdSupport.framework; sourceTree = SDKROOT; };
		37AB1D3116DCD6D000789092 /* GTMNSString+HTML.h */ = {isa = PBXFileReference; fileEncoding = 4; lastKnownFileType = sourcecode.c.h; name = "GTMNSString+HTML.h"; path = "../../../libraries/iOS/MWFeedParser/MWFeedParser/Classes/GTMNSString+HTML.h"; sourceTree = "<group>"; };
		37AB1D3216DCD6D000789092 /* GTMNSString+HTML.m */ = {isa = PBXFileReference; fileEncoding = 4; lastKnownFileType = sourcecode.c.objc; name = "GTMNSString+HTML.m"; path = "../../../libraries/iOS/MWFeedParser/MWFeedParser/Classes/GTMNSString+HTML.m"; sourceTree = "<group>"; };
		37AB1D3316DCD6D000789092 /* NSDate+InternetDateTime.h */ = {isa = PBXFileReference; fileEncoding = 4; lastKnownFileType = sourcecode.c.h; name = "NSDate+InternetDateTime.h"; path = "../../../libraries/iOS/MWFeedParser/MWFeedParser/Classes/NSDate+InternetDateTime.h"; sourceTree = "<group>"; };
		37AB1D3416DCD6D000789092 /* NSDate+InternetDateTime.m */ = {isa = PBXFileReference; fileEncoding = 4; lastKnownFileType = sourcecode.c.objc; name = "NSDate+InternetDateTime.m"; path = "../../../libraries/iOS/MWFeedParser/MWFeedParser/Classes/NSDate+InternetDateTime.m"; sourceTree = "<group>"; };
		37AB1D3516DCD6D000789092 /* NSString+HTML.h */ = {isa = PBXFileReference; fileEncoding = 4; lastKnownFileType = sourcecode.c.h; name = "NSString+HTML.h"; path = "../../../libraries/iOS/MWFeedParser/MWFeedParser/Classes/NSString+HTML.h"; sourceTree = "<group>"; };
		37AB1D3616DCD6D000789092 /* NSString+HTML.m */ = {isa = PBXFileReference; fileEncoding = 4; lastKnownFileType = sourcecode.c.objc; name = "NSString+HTML.m"; path = "../../../libraries/iOS/MWFeedParser/MWFeedParser/Classes/NSString+HTML.m"; sourceTree = "<group>"; };
		37AB1D3716DCD6D000789092 /* NSString+XMLEntities.h */ = {isa = PBXFileReference; fileEncoding = 4; lastKnownFileType = sourcecode.c.h; name = "NSString+XMLEntities.h"; path = "../../../libraries/iOS/MWFeedParser/MWFeedParser/Classes/NSString+XMLEntities.h"; sourceTree = "<group>"; };
		37AB1D3816DCD6D000789092 /* NSString+XMLEntities.m */ = {isa = PBXFileReference; fileEncoding = 4; lastKnownFileType = sourcecode.c.objc; name = "NSString+XMLEntities.m"; path = "../../../libraries/iOS/MWFeedParser/MWFeedParser/Classes/NSString+XMLEntities.m"; sourceTree = "<group>"; };
		37AB1D3E16DCDD5500789092 /* libTestFlight.a */ = {isa = PBXFileReference; lastKnownFileType = archive.ar; path = libTestFlight.a; sourceTree = "<group>"; };
		37AB1D3F16DCDD5500789092 /* README.md */ = {isa = PBXFileReference; fileEncoding = 4; lastKnownFileType = text; path = README.md; sourceTree = "<group>"; };
		37AB1D4016DCDD5500789092 /* release_notes.md */ = {isa = PBXFileReference; fileEncoding = 4; lastKnownFileType = text; path = release_notes.md; sourceTree = "<group>"; };
		37AB1D4116DCDD5500789092 /* TestFlight.h */ = {isa = PBXFileReference; fileEncoding = 4; lastKnownFileType = sourcecode.c.h; path = TestFlight.h; sourceTree = "<group>"; };
		37AB1D4516DCDD7200789092 /* libz.dylib */ = {isa = PBXFileReference; lastKnownFileType = "compiled.mach-o.dylib"; name = libz.dylib; path = usr/lib/libz.dylib; sourceTree = SDKROOT; };
		37D1255616FB5C21005C0695 /* 5star.png */ = {isa = PBXFileReference; lastKnownFileType = image.png; name = 5star.png; path = Graphics/settingsIcon/5star.png; sourceTree = SOURCE_ROOT; };
		37D1255716FB5C21005C0695 /* 5star@2x.png */ = {isa = PBXFileReference; lastKnownFileType = image.png; name = "5star@2x.png"; path = "Graphics/settingsIcon/5star@2x.png"; sourceTree = SOURCE_ROOT; };
		37D1255816FB5C21005C0695 /* fb.png */ = {isa = PBXFileReference; lastKnownFileType = image.png; name = fb.png; path = Graphics/settingsIcon/fb.png; sourceTree = SOURCE_ROOT; };
		37D1255916FB5C21005C0695 /* fb@2x.png */ = {isa = PBXFileReference; lastKnownFileType = image.png; name = "fb@2x.png"; path = "Graphics/settingsIcon/fb@2x.png"; sourceTree = SOURCE_ROOT; };
		37D1255A16FB5C21005C0695 /* twitter.png */ = {isa = PBXFileReference; lastKnownFileType = image.png; name = twitter.png; path = Graphics/settingsIcon/twitter.png; sourceTree = SOURCE_ROOT; };
		37D1255B16FB5C21005C0695 /* twitter@2x.png */ = {isa = PBXFileReference; lastKnownFileType = image.png; name = "twitter@2x.png"; path = "Graphics/settingsIcon/twitter@2x.png"; sourceTree = SOURCE_ROOT; };
		37D1256216FB5DA7005C0695 /* gmail.png */ = {isa = PBXFileReference; lastKnownFileType = image.png; name = gmail.png; path = Graphics/settingsIcon/gmail.png; sourceTree = SOURCE_ROOT; };
		37D1256316FB5DA7005C0695 /* gmail@2x.png */ = {isa = PBXFileReference; lastKnownFileType = image.png; name = "gmail@2x.png"; path = "Graphics/settingsIcon/gmail@2x.png"; sourceTree = SOURCE_ROOT; };
		37EE406516DE231A008AE7A8 /* SKBounceAnimation.h */ = {isa = PBXFileReference; fileEncoding = 4; lastKnownFileType = sourcecode.c.h; name = SKBounceAnimation.h; path = ../../libraries/iOS/SKBounceAnimation/SKBounceAnimation/SKBounceAnimation/SKBounceAnimation.h; sourceTree = "<group>"; };
		37EE406616DE231A008AE7A8 /* SKBounceAnimation.m */ = {isa = PBXFileReference; fileEncoding = 4; lastKnownFileType = sourcecode.c.objc; name = SKBounceAnimation.m; path = ../../libraries/iOS/SKBounceAnimation/SKBounceAnimation/SKBounceAnimation/SKBounceAnimation.m; sourceTree = "<group>"; };
		37EE406916DE8BBE008AE7A8 /* SVProgressHUD.bundle */ = {isa = PBXFileReference; lastKnownFileType = "wrapper.plug-in"; path = SVProgressHUD.bundle; sourceTree = "<group>"; };
		37EE406A16DE8BBE008AE7A8 /* SVProgressHUD.h */ = {isa = PBXFileReference; fileEncoding = 4; lastKnownFileType = sourcecode.c.h; path = SVProgressHUD.h; sourceTree = "<group>"; };
		37EE406B16DE8BBE008AE7A8 /* SVProgressHUD.m */ = {isa = PBXFileReference; fileEncoding = 4; lastKnownFileType = sourcecode.c.objc; path = SVProgressHUD.m; sourceTree = "<group>"; };
		37EE406E16DE96E3008AE7A8 /* HelpMethods.h */ = {isa = PBXFileReference; fileEncoding = 4; lastKnownFileType = sourcecode.c.h; path = HelpMethods.h; sourceTree = "<group>"; };
		37EE406F16DE96E3008AE7A8 /* HelpMethods.m */ = {isa = PBXFileReference; fileEncoding = 4; lastKnownFileType = sourcecode.c.objc; path = HelpMethods.m; sourceTree = "<group>"; };
		37EE408316DF7A3C008AE7A8 /* SVPullToRefresh.h */ = {isa = PBXFileReference; fileEncoding = 4; lastKnownFileType = sourcecode.c.h; path = SVPullToRefresh.h; sourceTree = "<group>"; };
		37EE408416DF7A3C008AE7A8 /* UIScrollView+SVInfiniteScrolling.h */ = {isa = PBXFileReference; fileEncoding = 4; lastKnownFileType = sourcecode.c.h; path = "UIScrollView+SVInfiniteScrolling.h"; sourceTree = "<group>"; };
		37EE408516DF7A3C008AE7A8 /* UIScrollView+SVInfiniteScrolling.m */ = {isa = PBXFileReference; fileEncoding = 4; lastKnownFileType = sourcecode.c.objc; path = "UIScrollView+SVInfiniteScrolling.m"; sourceTree = "<group>"; };
		37EE408616DF7A3C008AE7A8 /* UIScrollView+SVPullToRefresh.h */ = {isa = PBXFileReference; fileEncoding = 4; lastKnownFileType = sourcecode.c.h; path = "UIScrollView+SVPullToRefresh.h"; sourceTree = "<group>"; };
		37EE408716DF7A3C008AE7A8 /* UIScrollView+SVPullToRefresh.m */ = {isa = PBXFileReference; fileEncoding = 4; lastKnownFileType = sourcecode.c.objc; path = "UIScrollView+SVPullToRefresh.m"; sourceTree = "<group>"; };
		37EE408C16E1F955008AE7A8 /* Parse.framework */ = {isa = PBXFileReference; lastKnownFileType = wrapper.framework; path = Parse.framework; sourceTree = "<group>"; };
		37EE408E16E1F97D008AE7A8 /* Accounts.framework */ = {isa = PBXFileReference; lastKnownFileType = wrapper.framework; name = Accounts.framework; path = System/Library/Frameworks/Accounts.framework; sourceTree = SDKROOT; };
		37EE409016E1F989008AE7A8 /* CFNetwork.framework */ = {isa = PBXFileReference; lastKnownFileType = wrapper.framework; name = CFNetwork.framework; path = System/Library/Frameworks/CFNetwork.framework; sourceTree = SDKROOT; };
		37EE409216E1F99C008AE7A8 /* CoreLocation.framework */ = {isa = PBXFileReference; lastKnownFileType = wrapper.framework; name = CoreLocation.framework; path = System/Library/Frameworks/CoreLocation.framework; sourceTree = SDKROOT; };
		37EE409416E1F9A6008AE7A8 /* libsqlite3.dylib */ = {isa = PBXFileReference; lastKnownFileType = "compiled.mach-o.dylib"; name = libsqlite3.dylib; path = usr/lib/libsqlite3.dylib; sourceTree = SDKROOT; };
		37EE409616E1F9B0008AE7A8 /* libz.1.1.3.dylib */ = {isa = PBXFileReference; lastKnownFileType = "compiled.mach-o.dylib"; name = libz.1.1.3.dylib; path = usr/lib/libz.1.1.3.dylib; sourceTree = SDKROOT; };
		37EE409816E1F9BB008AE7A8 /* MobileCoreServices.framework */ = {isa = PBXFileReference; lastKnownFileType = wrapper.framework; name = MobileCoreServices.framework; path = System/Library/Frameworks/MobileCoreServices.framework; sourceTree = SDKROOT; };
		37EE409A16E1F9C9008AE7A8 /* Security.framework */ = {isa = PBXFileReference; lastKnownFileType = wrapper.framework; name = Security.framework; path = System/Library/Frameworks/Security.framework; sourceTree = SDKROOT; };
		37EE409C16E2179A008AE7A8 /* NewsCategory.h */ = {isa = PBXFileReference; fileEncoding = 4; lastKnownFileType = sourcecode.c.h; path = NewsCategory.h; sourceTree = "<group>"; };
		37EE409D16E2179A008AE7A8 /* NewsCategory.m */ = {isa = PBXFileReference; fileEncoding = 4; lastKnownFileType = sourcecode.c.objc; path = NewsCategory.m; sourceTree = "<group>"; };
		37EE40A216E3A4F6008AE7A8 /* NSDate+TimeSince.h */ = {isa = PBXFileReference; fileEncoding = 4; lastKnownFileType = sourcecode.c.h; path = "NSDate+TimeSince.h"; sourceTree = "<group>"; };
		37EE40A316E3A4F6008AE7A8 /* NSDate+TimeSince.m */ = {isa = PBXFileReference; fileEncoding = 4; lastKnownFileType = sourcecode.c.objc; path = "NSDate+TimeSince.m"; sourceTree = "<group>"; };
		37EE40A916E4B2F3008AE7A8 /* Default.png */ = {isa = PBXFileReference; lastKnownFileType = image.png; name = Default.png; path = ../Default.png; sourceTree = "<group>"; };
		37EE40AB16E4B2FA008AE7A8 /* Default@2x.png */ = {isa = PBXFileReference; lastKnownFileType = image.png; name = "Default@2x.png"; path = "../Default@2x.png"; sourceTree = "<group>"; };
/* End PBXFileReference section */

/* Begin PBXFrameworksBuildPhase section */
		378889E316D2B64400C41C39 /* Frameworks */ = {
			isa = PBXFrameworksBuildPhase;
			buildActionMask = 2147483647;
			files = (
				373B448916E633FB0003C3D7 /* ImageIO.framework in Frameworks */,
				37EE409B16E1F9C9008AE7A8 /* Security.framework in Frameworks */,
				37EE409916E1F9BB008AE7A8 /* MobileCoreServices.framework in Frameworks */,
				37EE409716E1F9B0008AE7A8 /* libz.1.1.3.dylib in Frameworks */,
				37EE409516E1F9A6008AE7A8 /* libsqlite3.dylib in Frameworks */,
				37EE409316E1F99C008AE7A8 /* CoreLocation.framework in Frameworks */,
				37EE409116E1F989008AE7A8 /* CFNetwork.framework in Frameworks */,
				37EE408F16E1F97D008AE7A8 /* Accounts.framework in Frameworks */,
				37AB1D4616DCDD7400789092 /* libz.dylib in Frameworks */,
				37AB1D2D16DB97FF00789092 /* AdSupport.framework in Frameworks */,
				37AB1D2B16DB97DE00789092 /* SystemConfiguration.framework in Frameworks */,
				37AB1D2916DB97AC00789092 /* AudioToolbox.framework in Frameworks */,
				37AB1D2716DB97A500789092 /* StoreKit.framework in Frameworks */,
				37888A2216D3856400C41C39 /* Social.framework in Frameworks */,
				37888A2016D3843100C41C39 /* MessageUI.framework in Frameworks */,
				37888A0716D2B70300C41C39 /* QuartzCore.framework in Frameworks */,
				378889EA16D2B64400C41C39 /* UIKit.framework in Frameworks */,
				378889EC16D2B64400C41C39 /* Foundation.framework in Frameworks */,
				378889EE16D2B64400C41C39 /* CoreGraphics.framework in Frameworks */,
				37AB1D2316DB975400789092 /* libGoogleAdMobAds.a in Frameworks */,
				37AB1D4216DCDD5500789092 /* libTestFlight.a in Frameworks */,
				37EE408D16E1F955008AE7A8 /* Parse.framework in Frameworks */,
				373B448716E633CD0003C3D7 /* SDWebImage.framework in Frameworks */,
			);
			runOnlyForDeploymentPostprocessing = 0;
		};
/* End PBXFrameworksBuildPhase section */

/* Begin PBXGroup section */
		3748F1B416D64FDD00C3CDB0 /* ViewControllers */ = {
			isa = PBXGroup;
			children = (
				37888A1A16D2C75700C41C39 /* TopStoriesViewController.h */,
				37888A1B16D2C75700C41C39 /* TopStoriesViewController.m */,
				37888A1C16D2C75700C41C39 /* TopStoriesViewController.xib */,
				3748F1B516D6502500C3CDB0 /* FrontPageViewController.h */,
				3748F1B616D6502600C3CDB0 /* FrontPageViewController.m */,
				3748F1B716D6502600C3CDB0 /* FrontPageViewController.xib */,
				37AB1CE116D9410600789092 /* SingleNewsViewController.h */,
				37AB1CE216D9410600789092 /* SingleNewsViewController.m */,
				37AB1CE316D9410600789092 /* SingleNewsViewController.xib */,
				37AB1CE616DA0D6600789092 /* CategoriesViewController.h */,
				37AB1CE716DA0D6600789092 /* CategoriesViewController.m */,
				37AB1CE816DA0D6700789092 /* CategoriesViewController.xib */,
				37AB1CEC16DA5B4E00789092 /* RootViewController.h */,
				37AB1CED16DA5B4E00789092 /* RootViewController.m */,
				37AB1CEE16DA5B4E00789092 /* RootViewController.xib */,
				37AB1CF116DA977F00789092 /* WebViewController.h */,
				37AB1CF216DA978000789092 /* WebViewController.m */,
				37AB1CF316DA978100789092 /* WebViewController.xib */,
				373B448016E4CBCC0003C3D7 /* SettingsViewController.h */,
				373B448116E4CBCC0003C3D7 /* SettingsViewController.m */,
				373B448216E4CBCC0003C3D7 /* SettingsViewController.xib */,
				372F3FBB16FB1CC100724100 /* NewsPageViewController.h */,
				372F3FBC16FB1CC200724100 /* NewsPageViewController.m */,
			);
			name = ViewControllers;
			sourceTree = "<group>";
		};
		3748F1BA16D653EF00C3CDB0 /* CustomClasses */ = {
			isa = PBXGroup;
			children = (
				37AB1D3116DCD6D000789092 /* GTMNSString+HTML.h */,
				37AB1D3216DCD6D000789092 /* GTMNSString+HTML.m */,
				37AB1D3316DCD6D000789092 /* NSDate+InternetDateTime.h */,
				37AB1D3416DCD6D000789092 /* NSDate+InternetDateTime.m */,
				37AB1D3516DCD6D000789092 /* NSString+HTML.h */,
				37AB1D3616DCD6D000789092 /* NSString+HTML.m */,
				37AB1D3716DCD6D000789092 /* NSString+XMLEntities.h */,
				37AB1D3816DCD6D000789092 /* NSString+XMLEntities.m */,
				37EE40A216E3A4F6008AE7A8 /* NSDate+TimeSince.h */,
				37EE40A316E3A4F6008AE7A8 /* NSDate+TimeSince.m */,
			);
			name = CustomClasses;
			sourceTree = "<group>";
		};
		3748F1C116D65CC600C3CDB0 /* Constants */ = {
			isa = PBXGroup;
			children = (
				3748F1BE16D65CB700C3CDB0 /* Colors.h */,
				3748F1BF16D65CB700C3CDB0 /* Colors.m */,
				37AB1CEB16DA0ED000789092 /* Constants.h */,
				37EE406E16DE96E3008AE7A8 /* HelpMethods.h */,
				37EE406F16DE96E3008AE7A8 /* HelpMethods.m */,
			);
			name = Constants;
			sourceTree = "<group>";
		};
		3748F1C216D6685C00C3CDB0 /* Graphics */ = {
			isa = PBXGroup;
			children = (
				37D1254D16FB52AE005C0695 /* SettingsIcons */,
				37EE40AD16E4B30E008AE7A8 /* Icons */,
				37AB1CF716DB800E00789092 /* WebViewNavBar */,
				3748F1C316D6686300C3CDB0 /* Backgrounds */,
			);
			name = Graphics;
			sourceTree = "<group>";
		};
		3748F1C316D6686300C3CDB0 /* Backgrounds */ = {
			isa = PBXGroup;
			children = (
				373B44C616E746D30003C3D7 /* 1.jpg */,
				373B44C716E746D30003C3D7 /* 2.jpg */,
				373B44C816E746D30003C3D7 /* 3.jpg */,
				373B44C916E746D30003C3D7 /* 4.jpg */,
				373B44CA16E746D30003C3D7 /* 5.jpg */,
				373B44CB16E746D40003C3D7 /* 6.jpg */,
				373B44CC16E746D40003C3D7 /* 7.jpg */,
				373B44CD16E746D50003C3D7 /* 8.jpg */,
				373B44CE16E746D50003C3D7 /* 9.jpg */,
				373B44CF16E746D60003C3D7 /* 10.jpg */,
				373B44D016E746D60003C3D7 /* 11.jpg */,
				373B44D116E746D70003C3D7 /* 12.jpg */,
				370639C016F09703003A2C44 /* settings.jpg */,
				3748F22416D760C000C3CDB0 /* blackFilter.png */,
				373B448C16E731DE0003C3D7 /* blackFilter5.png */,
			);
			name = Backgrounds;
			sourceTree = "<group>";
		};
		3748F22216D6BB7400C3CDB0 /* Fonts */ = {
			isa = PBXGroup;
			children = (
				3748F22616D773C900C3CDB0 /* AmericanTypewriter.ttc */,
			);
			name = Fonts;
			sourceTree = "<group>";
		};
		378889DD16D2B64400C41C39 = {
			isa = PBXGroup;
			children = (
				373B44E016E759CB0003C3D7 /* nyheteneIconShiny114.png */,
				373B44DE16E759C50003C3D7 /* nyheteneIconShiny57.png */,
				378889EF16D2B64400C41C39 /* KongroNews */,
				378889E816D2B64400C41C39 /* Frameworks */,
				378889E716D2B64400C41C39 /* Products */,
			);
			sourceTree = "<group>";
		};
		378889E716D2B64400C41C39 /* Products */ = {
			isa = PBXGroup;
			children = (
				378889E616D2B64400C41C39 /* nyhetene.app */,
			);
			name = Products;
			sourceTree = "<group>";
		};
		378889E816D2B64400C41C39 /* Frameworks */ = {
			isa = PBXGroup;
			children = (
				373B448816E633FB0003C3D7 /* ImageIO.framework */,
				373B448616E633CD0003C3D7 /* SDWebImage.framework */,
				37EE409A16E1F9C9008AE7A8 /* Security.framework */,
				37EE409816E1F9BB008AE7A8 /* MobileCoreServices.framework */,
				37EE409616E1F9B0008AE7A8 /* libz.1.1.3.dylib */,
				37EE409416E1F9A6008AE7A8 /* libsqlite3.dylib */,
				37EE409216E1F99C008AE7A8 /* CoreLocation.framework */,
				37EE409016E1F989008AE7A8 /* CFNetwork.framework */,
				37EE408E16E1F97D008AE7A8 /* Accounts.framework */,
				37EE408C16E1F955008AE7A8 /* Parse.framework */,
				37EE408216DF7A3C008AE7A8 /* SVPullToRefresh */,
				37EE406816DE8BBE008AE7A8 /* SVProgressHUD */,
				37AB1D4516DCDD7200789092 /* libz.dylib */,
				37EE406416DE2308008AE7A8 /* SKBounceAnimation */,
				37AB1D3D16DCDD5500789092 /* TestFlightSDK1.1 */,
				37AB1D2C16DB97FF00789092 /* AdSupport.framework */,
				37AB1D2A16DB97DD00789092 /* SystemConfiguration.framework */,
				37AB1D2816DB97AB00789092 /* AudioToolbox.framework */,
				37AB1D2616DB97A400789092 /* StoreKit.framework */,
				37AB1D2516DB975A00789092 /* AdMob */,
				37888A2116D3856400C41C39 /* Social.framework */,
				37888A0916D2B8BD00C41C39 /* ShareFlower */,
				37888A1F16D3843100C41C39 /* MessageUI.framework */,
				37888A0616D2B70300C41C39 /* QuartzCore.framework */,
				378889E916D2B64400C41C39 /* UIKit.framework */,
				378889EB16D2B64400C41C39 /* Foundation.framework */,
				378889ED16D2B64400C41C39 /* CoreGraphics.framework */,
			);
			name = Frameworks;
			sourceTree = "<group>";
		};
		378889EF16D2B64400C41C39 /* KongroNews */ = {
			isa = PBXGroup;
			children = (
				3748F22216D6BB7400C3CDB0 /* Fonts */,
				3748F1C216D6685C00C3CDB0 /* Graphics */,
				3748F1C116D65CC600C3CDB0 /* Constants */,
				3748F1BA16D653EF00C3CDB0 /* CustomClasses */,
				3748F1B416D64FDD00C3CDB0 /* ViewControllers */,
				37888A2316D3CD8D00C41C39 /* News */,
				378889F816D2B64400C41C39 /* AppDelegate.h */,
				378889F916D2B64400C41C39 /* AppDelegate.m */,
				378889F016D2B64400C41C39 /* Supporting Files */,
			);
			path = KongroNews;
			sourceTree = "<group>";
		};
		378889F016D2B64400C41C39 /* Supporting Files */ = {
			isa = PBXGroup;
			children = (
				378889F116D2B64400C41C39 /* KongroNews-Info.plist */,
				378889F216D2B64400C41C39 /* InfoPlist.strings */,
				378889F516D2B64400C41C39 /* main.m */,
				378889F716D2B64400C41C39 /* KongroNews-Prefix.pch */,
				378889FB16D2B64400C41C39 /* Default.png */,
				378889FD16D2B64400C41C39 /* Default@2x.png */,
				378889FF16D2B64400C41C39 /* Default-568h@2x.png */,
			);
			name = "Supporting Files";
			sourceTree = "<group>";
		};
		37888A0916D2B8BD00C41C39 /* ShareFlower */ = {
			isa = PBXGroup;
			children = (
				37888A0D16D2B91900C41C39 /* Resources */,
				37888A0A16D2B8DD00C41C39 /* KLExpandingSelect.h */,
				37888A0B16D2B8DD00C41C39 /* KLExpandingSelect.m */,
			);
			name = ShareFlower;
			sourceTree = "<group>";
		};
		37888A0D16D2B91900C41C39 /* Resources */ = {
			isa = PBXGroup;
			children = (
				37888A0E16D2B91900C41C39 /* Petal Data.plist */,
				37888A0F16D2B91900C41C39 /* petal-email@2x.png */,
				37888A1016D2B91900C41C39 /* petal-facebook@2x.png */,
				37888A1116D2B91900C41C39 /* petal-save@2x.png */,
				37888A1216D2B91900C41C39 /* petal-twitter@2x.png */,
				37888A1316D2B91900C41C39 /* petal-unsave@2x.png */,
			);
			name = Resources;
			path = ../../libraries/iOS/ShareFlower/KLExpandingSelect/Resources;
			sourceTree = "<group>";
		};
		37888A2316D3CD8D00C41C39 /* News */ = {
			isa = PBXGroup;
			children = (
				37888A2416D3CDBC00C41C39 /* News.h */,
				37888A2516D3CDBC00C41C39 /* News.m */,
				37888A2716D3CDCF00C41C39 /* NewsParser.h */,
				37888A2816D3CDCF00C41C39 /* NewsParser.m */,
				37EE409C16E2179A008AE7A8 /* NewsCategory.h */,
				37EE409D16E2179A008AE7A8 /* NewsCategory.m */,
			);
			name = News;
			sourceTree = "<group>";
		};
		37AB1CF716DB800E00789092 /* WebViewNavBar */ = {
			isa = PBXGroup;
			children = (
				37AB1D0C16DB824B00789092 /* backButtonS.png */,
				37AB1D0D16DB824B00789092 /* backButtonS@2x.png */,
				37AB1D0E16DB824B00789092 /* forwardButtonS.png */,
				37AB1D0F16DB824B00789092 /* forwardButtonS@2x.png */,
				37AB1D1016DB824B00789092 /* shareButtonS.png */,
				37AB1D1116DB824B00789092 /* shareButtonS@2x.png */,
				37AB1CFE16DB802600789092 /* navBarImage.png */,
				37AB1CFF16DB802600789092 /* navBarImage@2x.png */,
			);
			name = WebViewNavBar;
			sourceTree = "<group>";
		};
		37AB1D2516DB975A00789092 /* AdMob */ = {
			isa = PBXGroup;
			children = (
				37AB1D1816DB975400789092 /* GADAdMobExtras.h */,
				37AB1D1916DB975400789092 /* GADAdNetworkExtras.h */,
				37AB1D1A16DB975400789092 /* GADAdSize.h */,
				37AB1D1B16DB975400789092 /* GADBannerView.h */,
				37AB1D1C16DB975400789092 /* GADBannerViewDelegate.h */,
				37AB1D1D16DB975400789092 /* GADInterstitial.h */,
				37AB1D1E16DB975400789092 /* GADInterstitialDelegate.h */,
				37AB1D1F16DB975400789092 /* GADRequest.h */,
				37AB1D2016DB975400789092 /* GADRequestError.h */,
				37AB1D2116DB975400789092 /* libGoogleAdMobAds.a */,
				37AB1D2216DB975400789092 /* README.txt */,
			);
			name = AdMob;
			sourceTree = "<group>";
		};
		37AB1D3D16DCDD5500789092 /* TestFlightSDK1.1 */ = {
			isa = PBXGroup;
			children = (
				37AB1D3E16DCDD5500789092 /* libTestFlight.a */,
				37AB1D3F16DCDD5500789092 /* README.md */,
				37AB1D4016DCDD5500789092 /* release_notes.md */,
				37AB1D4116DCDD5500789092 /* TestFlight.h */,
			);
			path = TestFlightSDK1.1;
			sourceTree = "<group>";
		};
		37D1254D16FB52AE005C0695 /* SettingsIcons */ = {
			isa = PBXGroup;
			children = (
				37D1255616FB5C21005C0695 /* 5star.png */,
				37D1255716FB5C21005C0695 /* 5star@2x.png */,
				37D1255816FB5C21005C0695 /* fb.png */,
				37D1255916FB5C21005C0695 /* fb@2x.png */,
				37D1256216FB5DA7005C0695 /* gmail.png */,
				37D1256316FB5DA7005C0695 /* gmail@2x.png */,
				37D1255A16FB5C21005C0695 /* twitter.png */,
				37D1255B16FB5C21005C0695 /* twitter@2x.png */,
			);
			name = SettingsIcons;
			sourceTree = "<group>";
		};
		37EE406416DE2308008AE7A8 /* SKBounceAnimation */ = {
			isa = PBXGroup;
			children = (
				37EE406516DE231A008AE7A8 /* SKBounceAnimation.h */,
				37EE406616DE231A008AE7A8 /* SKBounceAnimation.m */,
			);
			name = SKBounceAnimation;
			sourceTree = "<group>";
		};
		37EE406816DE8BBE008AE7A8 /* SVProgressHUD */ = {
			isa = PBXGroup;
			children = (
				37EE406916DE8BBE008AE7A8 /* SVProgressHUD.bundle */,
				37EE406A16DE8BBE008AE7A8 /* SVProgressHUD.h */,
				37EE406B16DE8BBE008AE7A8 /* SVProgressHUD.m */,
			);
			name = SVProgressHUD;
			path = ../../libraries/iOS/SVProgressHUD/SVProgressHUD;
			sourceTree = "<group>";
		};
		37EE408216DF7A3C008AE7A8 /* SVPullToRefresh */ = {
			isa = PBXGroup;
			children = (
				37EE408316DF7A3C008AE7A8 /* SVPullToRefresh.h */,
				37EE408416DF7A3C008AE7A8 /* UIScrollView+SVInfiniteScrolling.h */,
				37EE408516DF7A3C008AE7A8 /* UIScrollView+SVInfiniteScrolling.m */,
				37EE408616DF7A3C008AE7A8 /* UIScrollView+SVPullToRefresh.h */,
				37EE408716DF7A3C008AE7A8 /* UIScrollView+SVPullToRefresh.m */,
			);
			name = SVPullToRefresh;
			path = ../../libraries/iOS/SVPullToRefresh/SVPullToRefresh;
			sourceTree = "<group>";
		};
		37EE40AD16E4B30E008AE7A8 /* Icons */ = {
			isa = PBXGroup;
			children = (
				373B448A16E69F140003C3D7 /* Default-568h@2x.png */,
				37EE40AB16E4B2FA008AE7A8 /* Default@2x.png */,
				37EE40A916E4B2F3008AE7A8 /* Default.png */,
			);
			name = Icons;
			sourceTree = "<group>";
		};
/* End PBXGroup section */

/* Begin PBXNativeTarget section */
		378889E516D2B64400C41C39 /* nyhetene */ = {
			isa = PBXNativeTarget;
			buildConfigurationList = 37888A0316D2B64400C41C39 /* Build configuration list for PBXNativeTarget "nyhetene" */;
			buildPhases = (
				378889E216D2B64400C41C39 /* Sources */,
				378889E316D2B64400C41C39 /* Frameworks */,
				378889E416D2B64400C41C39 /* Resources */,
			);
			buildRules = (
			);
			dependencies = (
			);
			name = nyhetene;
			productName = KongroNews;
			productReference = 378889E616D2B64400C41C39 /* nyhetene.app */;
			productType = "com.apple.product-type.application";
		};
/* End PBXNativeTarget section */

/* Begin PBXProject section */
		378889DE16D2B64400C41C39 /* Project object */ = {
			isa = PBXProject;
			attributes = {
				LastUpgradeCheck = 0460;
				ORGANIZATIONNAME = "Kent Robin Haugen";
			};
			buildConfigurationList = 378889E116D2B64400C41C39 /* Build configuration list for PBXProject "KongroNews" */;
			compatibilityVersion = "Xcode 3.2";
			developmentRegion = English;
			hasScannedForEncodings = 0;
			knownRegions = (
				en,
				nb,
			);
			mainGroup = 378889DD16D2B64400C41C39;
			productRefGroup = 378889E716D2B64400C41C39 /* Products */;
			projectDirPath = "";
			projectRoot = "";
			targets = (
				378889E516D2B64400C41C39 /* nyhetene */,
			);
		};
/* End PBXProject section */

/* Begin PBXResourcesBuildPhase section */
		378889E416D2B64400C41C39 /* Resources */ = {
			isa = PBXResourcesBuildPhase;
			buildActionMask = 2147483647;
			files = (
				373B44E216E75B110003C3D7 /* nyheteneIconShiny114.png in Resources */,
				373B44E316E75B110003C3D7 /* nyheteneIconShiny57.png in Resources */,
				378889F416D2B64400C41C39 /* InfoPlist.strings in Resources */,
				37888A1416D2B91900C41C39 /* Petal Data.plist in Resources */,
				37888A1516D2B91900C41C39 /* petal-email@2x.png in Resources */,
				37888A1616D2B91900C41C39 /* petal-facebook@2x.png in Resources */,
				37888A1716D2B91900C41C39 /* petal-save@2x.png in Resources */,
				37888A1816D2B91900C41C39 /* petal-twitter@2x.png in Resources */,
				37888A1916D2B91900C41C39 /* petal-unsave@2x.png in Resources */,
				37888A1E16D2C75700C41C39 /* TopStoriesViewController.xib in Resources */,
				3748F1B916D6502600C3CDB0 /* FrontPageViewController.xib in Resources */,
				3748F22516D760C000C3CDB0 /* blackFilter.png in Resources */,
				3748F22716D773C900C3CDB0 /* AmericanTypewriter.ttc in Resources */,
				37AB1CE516D9410600789092 /* SingleNewsViewController.xib in Resources */,
				37AB1CEA16DA0D6700789092 /* CategoriesViewController.xib in Resources */,
				37AB1CF016DA5B4F00789092 /* RootViewController.xib in Resources */,
				37AB1CF516DA978200789092 /* WebViewController.xib in Resources */,
				37AB1D0816DB802600789092 /* navBarImage.png in Resources */,
				37AB1D0916DB802600789092 /* navBarImage@2x.png in Resources */,
				37AB1D1216DB824B00789092 /* backButtonS.png in Resources */,
				37AB1D1316DB824B00789092 /* backButtonS@2x.png in Resources */,
				37AB1D1416DB824B00789092 /* forwardButtonS.png in Resources */,
				37AB1D1516DB824B00789092 /* forwardButtonS@2x.png in Resources */,
				37AB1D1616DB824B00789092 /* shareButtonS.png in Resources */,
				37AB1D1716DB824B00789092 /* shareButtonS@2x.png in Resources */,
				37AB1D2416DB975400789092 /* README.txt in Resources */,
				37AB1D4316DCDD5500789092 /* README.md in Resources */,
				37AB1D4416DCDD5500789092 /* release_notes.md in Resources */,
				37EE406C16DE8BBE008AE7A8 /* SVProgressHUD.bundle in Resources */,
				37EE40AA16E4B2F4008AE7A8 /* Default.png in Resources */,
				37EE40AC16E4B2FA008AE7A8 /* Default@2x.png in Resources */,
				373B448416E4CBCC0003C3D7 /* SettingsViewController.xib in Resources */,
				373B448B16E69F160003C3D7 /* Default-568h@2x.png in Resources */,
				373B448D16E731DE0003C3D7 /* blackFilter5.png in Resources */,
				373B44D216E746D80003C3D7 /* 1.jpg in Resources */,
				373B44D316E746D80003C3D7 /* 2.jpg in Resources */,
				373B44D416E746D80003C3D7 /* 3.jpg in Resources */,
				373B44D516E746D80003C3D7 /* 4.jpg in Resources */,
				373B44D616E746D80003C3D7 /* 5.jpg in Resources */,
				373B44D716E746D80003C3D7 /* 6.jpg in Resources */,
				373B44D816E746D80003C3D7 /* 7.jpg in Resources */,
				373B44D916E746D80003C3D7 /* 8.jpg in Resources */,
				373B44DA16E746D80003C3D7 /* 9.jpg in Resources */,
				373B44DB16E746D80003C3D7 /* 10.jpg in Resources */,
				373B44DC16E746D80003C3D7 /* 11.jpg in Resources */,
				373B44DD16E746D80003C3D7 /* 12.jpg in Resources */,
				370639C116F09703003A2C44 /* settings.jpg in Resources */,
				37D1255C16FB5C21005C0695 /* 5star.png in Resources */,
				37D1255D16FB5C21005C0695 /* 5star@2x.png in Resources */,
				37D1255E16FB5C21005C0695 /* fb.png in Resources */,
				37D1255F16FB5C21005C0695 /* fb@2x.png in Resources */,
				37D1256016FB5C21005C0695 /* twitter.png in Resources */,
				37D1256116FB5C21005C0695 /* twitter@2x.png in Resources */,
				37D1256416FB5DA7005C0695 /* gmail.png in Resources */,
				37D1256516FB5DA7005C0695 /* gmail@2x.png in Resources */,
			);
			runOnlyForDeploymentPostprocessing = 0;
		};
/* End PBXResourcesBuildPhase section */

/* Begin PBXSourcesBuildPhase section */
		378889E216D2B64400C41C39 /* Sources */ = {
			isa = PBXSourcesBuildPhase;
			buildActionMask = 2147483647;
			files = (
				378889F616D2B64400C41C39 /* main.m in Sources */,
				378889FA16D2B64400C41C39 /* AppDelegate.m in Sources */,
				37888A0C16D2B8DD00C41C39 /* KLExpandingSelect.m in Sources */,
				37888A1D16D2C75700C41C39 /* TopStoriesViewController.m in Sources */,
				37888A2616D3CDBC00C41C39 /* News.m in Sources */,
				37888A2916D3CDD000C41C39 /* NewsParser.m in Sources */,
				3748F1B816D6502600C3CDB0 /* FrontPageViewController.m in Sources */,
				3748F1C016D65CB700C3CDB0 /* Colors.m in Sources */,
				37AB1CE416D9410600789092 /* SingleNewsViewController.m in Sources */,
				37AB1CE916DA0D6700789092 /* CategoriesViewController.m in Sources */,
				37AB1CEF16DA5B4F00789092 /* RootViewController.m in Sources */,
				37AB1CF416DA978200789092 /* WebViewController.m in Sources */,
				37AB1D3916DCD6D000789092 /* GTMNSString+HTML.m in Sources */,
				37AB1D3A16DCD6D000789092 /* NSDate+InternetDateTime.m in Sources */,
				37AB1D3B16DCD6D000789092 /* NSString+HTML.m in Sources */,
				37AB1D3C16DCD6D000789092 /* NSString+XMLEntities.m in Sources */,
				37EE406716DE231A008AE7A8 /* SKBounceAnimation.m in Sources */,
				37EE406D16DE8BBE008AE7A8 /* SVProgressHUD.m in Sources */,
				37EE407016DE96E3008AE7A8 /* HelpMethods.m in Sources */,
				37EE408816DF7A3C008AE7A8 /* UIScrollView+SVInfiniteScrolling.m in Sources */,
				37EE408916DF7A3C008AE7A8 /* UIScrollView+SVPullToRefresh.m in Sources */,
				37EE409E16E2179A008AE7A8 /* NewsCategory.m in Sources */,
				37EE40A416E3A4F6008AE7A8 /* NSDate+TimeSince.m in Sources */,
				373B448316E4CBCC0003C3D7 /* SettingsViewController.m in Sources */,
				372F3FBD16FB1CC300724100 /* NewsPageViewController.m in Sources */,
			);
			runOnlyForDeploymentPostprocessing = 0;
		};
/* End PBXSourcesBuildPhase section */

/* Begin PBXVariantGroup section */
		378889F216D2B64400C41C39 /* InfoPlist.strings */ = {
			isa = PBXVariantGroup;
			children = (
				378889F316D2B64400C41C39 /* en */,
				37888A0816D2B73F00C41C39 /* nb */,
			);
			name = InfoPlist.strings;
			sourceTree = "<group>";
		};
/* End PBXVariantGroup section */

/* Begin XCBuildConfiguration section */
		37888A0116D2B64400C41C39 /* Debug */ = {
			isa = XCBuildConfiguration;
			buildSettings = {
				ALWAYS_SEARCH_USER_PATHS = NO;
				CLANG_CXX_LANGUAGE_STANDARD = "gnu++0x";
				CLANG_CXX_LIBRARY = "libc++";
				CLANG_ENABLE_OBJC_ARC = YES;
				CLANG_WARN_CONSTANT_CONVERSION = YES;
				CLANG_WARN_EMPTY_BODY = YES;
				CLANG_WARN_ENUM_CONVERSION = YES;
				CLANG_WARN_INT_CONVERSION = YES;
				CLANG_WARN__DUPLICATE_METHOD_MATCH = YES;
				CODE_SIGN_IDENTITY = "iPhone Developer";
				"CODE_SIGN_IDENTITY[sdk=iphoneos*]" = "iPhone Developer";
				COPY_PHASE_STRIP = NO;
				GCC_C_LANGUAGE_STANDARD = gnu99;
				GCC_DYNAMIC_NO_PIC = NO;
				GCC_OPTIMIZATION_LEVEL = 0;
				GCC_PREPROCESSOR_DEFINITIONS = (
					"DEBUG=1",
					"$(inherited)",
				);
				GCC_SYMBOLS_PRIVATE_EXTERN = NO;
				GCC_WARN_ABOUT_RETURN_TYPE = YES;
				GCC_WARN_UNINITIALIZED_AUTOS = YES;
				GCC_WARN_UNUSED_VARIABLE = YES;
				IPHONEOS_DEPLOYMENT_TARGET = 6.0;
				ONLY_ACTIVE_ARCH = YES;
				PROVISIONING_PROFILE = "";
				SDKROOT = iphoneos;
				TARGETED_DEVICE_FAMILY = "1,2";
			};
			name = Debug;
		};
		37888A0216D2B64400C41C39 /* Release */ = {
			isa = XCBuildConfiguration;
			buildSettings = {
				ALWAYS_SEARCH_USER_PATHS = NO;
				CLANG_CXX_LANGUAGE_STANDARD = "gnu++0x";
				CLANG_CXX_LIBRARY = "libc++";
				CLANG_ENABLE_OBJC_ARC = YES;
				CLANG_WARN_CONSTANT_CONVERSION = YES;
				CLANG_WARN_EMPTY_BODY = YES;
				CLANG_WARN_ENUM_CONVERSION = YES;
				CLANG_WARN_INT_CONVERSION = YES;
				CLANG_WARN__DUPLICATE_METHOD_MATCH = YES;
				CODE_SIGN_IDENTITY = "iPhone Distribution: Kent Robin Haugen";
				"CODE_SIGN_IDENTITY[sdk=iphoneos*]" = "iPhone Distribution: Kent Robin Haugen";
				COPY_PHASE_STRIP = YES;
				GCC_C_LANGUAGE_STANDARD = gnu99;
				GCC_WARN_ABOUT_RETURN_TYPE = YES;
				GCC_WARN_UNINITIALIZED_AUTOS = YES;
				GCC_WARN_UNUSED_VARIABLE = YES;
				IPHONEOS_DEPLOYMENT_TARGET = 6.0;
				OTHER_CFLAGS = "-DNS_BLOCK_ASSERTIONS=1";
				PROVISIONING_PROFILE = "755A2C17-A7A8-4EF8-A290-1EB42235E37C";
				"PROVISIONING_PROFILE[sdk=iphoneos*]" = "755A2C17-A7A8-4EF8-A290-1EB42235E37C";
				SDKROOT = iphoneos;
				TARGETED_DEVICE_FAMILY = "1,2";
				VALIDATE_PRODUCT = YES;
			};
			name = Release;
		};
		37888A0416D2B64400C41C39 /* Debug */ = {
			isa = XCBuildConfiguration;
			buildSettings = {
				CODE_SIGN_IDENTITY = "iPhone Developer";
				FRAMEWORK_SEARCH_PATHS = (
					"$(inherited)",
					"\"$(SRCROOT)/../../libraries/iOS\"",
					"\"$(SRCROOT)\"",
				);
				GCC_PRECOMPILE_PREFIX_HEADER = YES;
				GCC_PREFIX_HEADER = "KongroNews/KongroNews-Prefix.pch";
				INFOPLIST_FILE = "KongroNews/KongroNews-Info.plist";
				IPHONEOS_DEPLOYMENT_TARGET = 6.0;
				LIBRARY_SEARCH_PATHS = (
					"$(inherited)",
					"\"$(SRCROOT)/../../libraries/iOS/GoogleAdMobAdsSdkiOS-6.3.0\"",
					"\"$(SRCROOT)/TestFlightSDK1.1\"",
				);
				OTHER_LDFLAGS = "-ObjC";
				PRODUCT_NAME = "$(TARGET_NAME)";
				PROVISIONING_PROFILE = "";
				TARGETED_DEVICE_FAMILY = "1,2";
				WRAPPER_EXTENSION = app;
			};
			name = Debug;
		};
		37888A0516D2B64400C41C39 /* Release */ = {
			isa = XCBuildConfiguration;
			buildSettings = {
				CODE_SIGN_IDENTITY = "iPhone Distribution: Kent Robin Haugen";
				"CODE_SIGN_IDENTITY[sdk=iphoneos*]" = "iPhone Distribution: Kent Robin Haugen";
				FRAMEWORK_SEARCH_PATHS = (
					"$(inherited)",
					"\"$(SRCROOT)/../../libraries/iOS\"",
					"\"$(SRCROOT)\"",
				);
				GCC_PRECOMPILE_PREFIX_HEADER = YES;
				GCC_PREFIX_HEADER = "KongroNews/KongroNews-Prefix.pch";
				INFOPLIST_FILE = "KongroNews/KongroNews-Info.plist";
				IPHONEOS_DEPLOYMENT_TARGET = 6.0;
				LIBRARY_SEARCH_PATHS = (
					"$(inherited)",
					"\"$(SRCROOT)/../../libraries/iOS/GoogleAdMobAdsSdkiOS-6.3.0\"",
					"\"$(SRCROOT)/TestFlightSDK1.1\"",
				);
				OTHER_LDFLAGS = "-ObjC";
				PRODUCT_NAME = "$(TARGET_NAME)";
				PROVISIONING_PROFILE = "755A2C17-A7A8-4EF8-A290-1EB42235E37C";
				"PROVISIONING_PROFILE[sdk=iphoneos*]" = "755A2C17-A7A8-4EF8-A290-1EB42235E37C";
				TARGETED_DEVICE_FAMILY = "1,2";
				WRAPPER_EXTENSION = app;
			};
			name = Release;
		};
/* End XCBuildConfiguration section */

/* Begin XCConfigurationList section */
		378889E116D2B64400C41C39 /* Build configuration list for PBXProject "KongroNews" */ = {
			isa = XCConfigurationList;
			buildConfigurations = (
				37888A0116D2B64400C41C39 /* Debug */,
				37888A0216D2B64400C41C39 /* Release */,
			);
			defaultConfigurationIsVisible = 0;
			defaultConfigurationName = Release;
		};
		37888A0316D2B64400C41C39 /* Build configuration list for PBXNativeTarget "nyhetene" */ = {
			isa = XCConfigurationList;
			buildConfigurations = (
				37888A0416D2B64400C41C39 /* Debug */,
				37888A0516D2B64400C41C39 /* Release */,
			);
			defaultConfigurationIsVisible = 0;
			defaultConfigurationName = Release;
		};
/* End XCConfigurationList section */
	};
	rootObject = 378889DE16D2B64400C41C39 /* Project object */;
}
